
Microsoft Visual Studio Solution File, Format Version 12.00
# Visual Studio Version 17
VisualStudioVersion = 17.9.34616.47
MinimumVisualStudioVersion = 10.0.40219.1
Project("{FAE04EC0-301F-11D3-BF4B-00C04F79EFBC}") = "leidodeteclado", "leidodeteclado\leidodeteclado.csproj", "{B826C122-FC2A-44F7-9CA3-B512D0EA85D2}"
EndProject
Global
	GlobalSection(SolutionConfigurationPlatforms) = preSolution
		Debug|Any CPU = Debug|Any CPU
		Release|Any CPU = Release|Any CPU
	EndGlobalSection
	GlobalSection(ProjectConfigurationPlatforms) = postSolution
		{B826C122-FC2A-44F7-9CA3-B512D0EA85D2}.Debug|Any CPU.ActiveCfg = Debug|Any CPU
		{B826C122-FC2A-44F7-9CA3-B512D0EA85D2}.Debug|Any CPU.Build.0 = Debug|Any CPU
		{B826C122-FC2A-44F7-9CA3-B512D0EA85D2}.Release|Any CPU.ActiveCfg = Release|Any CPU
		{B826C122-FC2A-44F7-9CA3-B512D0EA85D2}.Release|Any CPU.Build.0 = Release|Any CPU
	EndGlobalSection
	GlobalSection(SolutionProperties) = preSolution
		HideSolutionNode = FALSE
	EndGlobalSection
	GlobalSection(ExtensibilityGlobals) = postSolution
		SolutionGuid = {9485D49B-6DFB-4BE0-A1F3-D274B7396E8B}
	EndGlobalSection
EndGlobal
