
Microsoft Visual Studio Solution File, Format Version 12.00
# Visual Studio Version 17
VisualStudioVersion = 17.9.34616.47
MinimumVisualStudioVersion = 10.0.40219.1
Project("{FAE04EC0-301F-11D3-BF4B-00C04F79EFBC}") = "condiciones", "condiciones\condiciones.csproj", "{BBD79D0A-3874-47EC-93CC-393D9EF0C2A3}"
EndProject
Global
	GlobalSection(SolutionConfigurationPlatforms) = preSolution
		Debug|Any CPU = Debug|Any CPU
		Release|Any CPU = Release|Any CPU
	EndGlobalSection
	GlobalSection(ProjectConfigurationPlatforms) = postSolution
		{BBD79D0A-3874-47EC-93CC-393D9EF0C2A3}.Debug|Any CPU.ActiveCfg = Debug|Any CPU
		{BBD79D0A-3874-47EC-93CC-393D9EF0C2A3}.Debug|Any CPU.Build.0 = Debug|Any CPU
		{BBD79D0A-3874-47EC-93CC-393D9EF0C2A3}.Release|Any CPU.ActiveCfg = Release|Any CPU
		{BBD79D0A-3874-47EC-93CC-393D9EF0C2A3}.Release|Any CPU.Build.0 = Release|Any CPU
	EndGlobalSection
	GlobalSection(SolutionProperties) = preSolution
		HideSolutionNode = FALSE
	EndGlobalSection
	GlobalSection(ExtensibilityGlobals) = postSolution
		SolutionGuid = {99978A90-9E5B-4130-B9DA-9BAE6E594C39}
	EndGlobalSection
EndGlobal
