
Microsoft Visual Studio Solution File, Format Version 12.00
# Visual Studio Version 17
VisualStudioVersion = 17.9.34616.47
MinimumVisualStudioVersion = 10.0.40219.1
Project("{FAE04EC0-301F-11D3-BF4B-00C04F79EFBC}") = "tiposdedatos", "tiposdedatos\tiposdedatos.csproj", "{8B4F3021-D0CB-4944-A3D4-9B9133A503C0}"
EndProject
Global
	GlobalSection(SolutionConfigurationPlatforms) = preSolution
		Debug|Any CPU = Debug|Any CPU
		Release|Any CPU = Release|Any CPU
	EndGlobalSection
	GlobalSection(ProjectConfigurationPlatforms) = postSolution
		{8B4F3021-D0CB-4944-A3D4-9B9133A503C0}.Debug|Any CPU.ActiveCfg = Debug|Any CPU
		{8B4F3021-D0CB-4944-A3D4-9B9133A503C0}.Debug|Any CPU.Build.0 = Debug|Any CPU
		{8B4F3021-D0CB-4944-A3D4-9B9133A503C0}.Release|Any CPU.ActiveCfg = Release|Any CPU
		{8B4F3021-D0CB-4944-A3D4-9B9133A503C0}.Release|Any CPU.Build.0 = Release|Any CPU
	EndGlobalSection
	GlobalSection(SolutionProperties) = preSolution
		HideSolutionNode = FALSE
	EndGlobalSection
	GlobalSection(ExtensibilityGlobals) = postSolution
		SolutionGuid = {C6DEB987-1094-4C47-805B-E6C320A5E6E0}
	EndGlobalSection
EndGlobal
