
Microsoft Visual Studio Solution File, Format Version 12.00
# Visual Studio Version 17
VisualStudioVersion = 17.9.34616.47
MinimumVisualStudioVersion = 10.0.40219.1
Project("{FAE04EC0-301F-11D3-BF4B-00C04F79EFBC}") = "primerprograma", "primerprograma\primerprograma.csproj", "{7E0A78AD-37B9-4C01-8474-34785A5372DB}"
EndProject
Global
	GlobalSection(SolutionConfigurationPlatforms) = preSolution
		Debug|Any CPU = Debug|Any CPU
		Release|Any CPU = Release|Any CPU
	EndGlobalSection
	GlobalSection(ProjectConfigurationPlatforms) = postSolution
		{7E0A78AD-37B9-4C01-8474-34785A5372DB}.Debug|Any CPU.ActiveCfg = Debug|Any CPU
		{7E0A78AD-37B9-4C01-8474-34785A5372DB}.Debug|Any CPU.Build.0 = Debug|Any CPU
		{7E0A78AD-37B9-4C01-8474-34785A5372DB}.Release|Any CPU.ActiveCfg = Release|Any CPU
		{7E0A78AD-37B9-4C01-8474-34785A5372DB}.Release|Any CPU.Build.0 = Release|Any CPU
	EndGlobalSection
	GlobalSection(SolutionProperties) = preSolution
		HideSolutionNode = FALSE
	EndGlobalSection
	GlobalSection(ExtensibilityGlobals) = postSolution
		SolutionGuid = {1366CA7C-A031-4001-BC11-3AD64BE19515}
	EndGlobalSection
EndGlobal
